// !$*UTF8*$!
{
	archiveVersion = 1;
	classes = {
	};
	objectVersion = 46;
	objects = {

/* Begin PBXBuildFile section */
		07F985AB1D273D2700FF6BB7 /* AppDelegate.swift in Sources */ = {isa = PBXBuildFile; fileRef = 07F985AA1D273D2700FF6BB7 /* AppDelegate.swift */; };
		07F985AD1D273D2700FF6BB7 /* ViewController.swift in Sources */ = {isa = PBXBuildFile; fileRef = 07F985AC1D273D2700FF6BB7 /* ViewController.swift */; };
		07F985B01D273D2700FF6BB7 /* Main.storyboard in Resources */ = {isa = PBXBuildFile; fileRef = 07F985AE1D273D2700FF6BB7 /* Main.storyboard */; };
		07F985B21D273D2700FF6BB7 /* Assets.xcassets in Resources */ = {isa = PBXBuildFile; fileRef = 07F985B11D273D2700FF6BB7 /* Assets.xcassets */; };
		07F985B51D273D2700FF6BB7 /* LaunchScreen.storyboard in Resources */ = {isa = PBXBuildFile; fileRef = 07F985B31D273D2700FF6BB7 /* LaunchScreen.storyboard */; };
		07F985C01D273D2700FF6BB7 /* Tip_CalcuatorTests.swift in Sources */ = {isa = PBXBuildFile; fileRef = 07F985BF1D273D2700FF6BB7 /* Tip_CalcuatorTests.swift */; };
		07F985CB1D273D2700FF6BB7 /* Tip_CalcuatorUITests.swift in Sources */ = {isa = PBXBuildFile; fileRef = 07F985CA1D273D2700FF6BB7 /* Tip_CalcuatorUITests.swift */; };
/* End PBXBuildFile section */

/* Begin PBXContainerItemProxy section */
		07F985BC1D273D2700FF6BB7 /* PBXContainerItemProxy */ = {
			isa = PBXContainerItemProxy;
			containerPortal = 07F9859F1D273D2700FF6BB7 /* Project object */;
			proxyType = 1;
			remoteGlobalIDString = 07F985A61D273D2700FF6BB7;
			remoteInfo = "Tip Calcuator";
		};
		07F985C71D273D2700FF6BB7 /* PBXContainerItemProxy */ = {
			isa = PBXContainerItemProxy;
			containerPortal = 07F9859F1D273D2700FF6BB7 /* Project object */;
			proxyType = 1;
			remoteGlobalIDString = 07F985A61D273D2700FF6BB7;
			remoteInfo = "Tip Calcuator";
		};
/* End PBXContainerItemProxy section */

/* Begin PBXFileReference section */
		07F985A71D273D2700FF6BB7 /* Tip Calcuator.app */ = {isa = PBXFileReference; explicitFileType = wrapper.application; includeInIndex = 0; path = "Tip Calcuator.app"; sourceTree = BUILT_PRODUCTS_DIR; };
		07F985AA1D273D2700FF6BB7 /* AppDelegate.swift */ = {isa = PBXFileReference; lastKnownFileType = sourcecode.swift; path = AppDelegate.swift; sourceTree = "<group>"; };
		07F985AC1D273D2700FF6BB7 /* ViewController.swift */ = {isa = PBXFileReference; lastKnownFileType = sourcecode.swift; path = ViewController.swift; sourceTree = "<group>"; };
		07F985AF1D273D2700FF6BB7 /* Base */ = {isa = PBXFileReference; lastKnownFileType = file.storyboard; name = Base; path = Base.lproj/Main.storyboard; sourceTree = "<group>"; };
		07F985B11D273D2700FF6BB7 /* Assets.xcassets */ = {isa = PBXFileReference; lastKnownFileType = folder.assetcatalog; path = Assets.xcassets; sourceTree = "<group>"; };
		07F985B41D273D2700FF6BB7 /* Base */ = {isa = PBXFileReference; lastKnownFileType = file.storyboard; name = Base; path = Base.lproj/LaunchScreen.storyboard; sourceTree = "<group>"; };
		07F985B61D273D2700FF6BB7 /* Info.plist */ = {isa = PBXFileReference; lastKnownFileType = text.plist.xml; path = Info.plist; sourceTree = "<group>"; };
		07F985BB1D273D2700FF6BB7 /* Tip CalcuatorTests.xctest */ = {isa = PBXFileReference; explicitFileType = wrapper.cfbundle; includeInIndex = 0; path = "Tip CalcuatorTests.xctest"; sourceTree = BUILT_PRODUCTS_DIR; };
		07F985BF1D273D2700FF6BB7 /* Tip_CalcuatorTests.swift */ = {isa = PBXFileReference; lastKnownFileType = sourcecode.swift; path = Tip_CalcuatorTests.swift; sourceTree = "<group>"; };
		07F985C11D273D2700FF6BB7 /* Info.plist */ = {isa = PBXFileReference; lastKnownFileType = text.plist.xml; path = Info.plist; sourceTree = "<group>"; };
		07F985C61D273D2700FF6BB7 /* Tip CalcuatorUITests.xctest */ = {isa = PBXFileReference; explicitFileType = wrapper.cfbundle; includeInIndex = 0; path = "Tip CalcuatorUITests.xctest"; sourceTree = BUILT_PRODUCTS_DIR; };
		07F985CA1D273D2700FF6BB7 /* Tip_CalcuatorUITests.swift */ = {isa = PBXFileReference; lastKnownFileType = sourcecode.swift; path = Tip_CalcuatorUITests.swift; sourceTree = "<group>"; };
		07F985CC1D273D2700FF6BB7 /* Info.plist */ = {isa = PBXFileReference; lastKnownFileType = text.plist.xml; path = Info.plist; sourceTree = "<group>"; };
/* End PBXFileReference section */

/* Begin PBXFrameworksBuildPhase section */
		07F985A41D273D2700FF6BB7 /* Frameworks */ = {
			isa = PBXFrameworksBuildPhase;
			buildActionMask = 2147483647;
			files = (
			);
			runOnlyForDeploymentPostprocessing = 0;
		};
		07F985B81D273D2700FF6BB7 /* Frameworks */ = {
			isa = PBXFrameworksBuildPhase;
			buildActionMask = 2147483647;
			files = (
			);
			runOnlyForDeploymentPostprocessing = 0;
		};
		07F985C31D273D2700FF6BB7 /* Frameworks */ = {
			isa = PBXFrameworksBuildPhase;
			buildActionMask = 2147483647;
			files = (
			);
			runOnlyForDeploymentPostprocessing = 0;
		};
/* End PBXFrameworksBuildPhase section */

/* Begin PBXGroup section */
		07F9859E1D273D2700FF6BB7 = {
			isa = PBXGroup;
			children = (
				07F985A91D273D2700FF6BB7 /* Tip Calcuator */,
				07F985BE1D273D2700FF6BB7 /* Tip CalcuatorTests */,
				07F985C91D273D2700FF6BB7 /* Tip CalcuatorUITests */,
				07F985A81D273D2700FF6BB7 /* Products */,
			);
			sourceTree = "<group>";
		};
		07F985A81D273D2700FF6BB7 /* Products */ = {
			isa = PBXGroup;
			children = (
				07F985A71D273D2700FF6BB7 /* Tip Calcuator.app */,
				07F985BB1D273D2700FF6BB7 /* Tip CalcuatorTests.xctest */,
				07F985C61D273D2700FF6BB7 /* Tip CalcuatorUITests.xctest */,
			);
			name = Products;
			sourceTree = "<group>";
		};
		07F985A91D273D2700FF6BB7 /* Tip Calcuator */ = {
			isa = PBXGroup;
			children = (
				07F985AA1D273D2700FF6BB7 /* AppDelegate.swift */,
				07F985AC1D273D2700FF6BB7 /* ViewController.swift */,
				07F985AE1D273D2700FF6BB7 /* Main.storyboard */,
				07F985B11D273D2700FF6BB7 /* Assets.xcassets */,
				07F985B31D273D2700FF6BB7 /* LaunchScreen.storyboard */,
				07F985B61D273D2700FF6BB7 /* Info.plist */,
			);
			path = "Tip Calcuator";
			sourceTree = "<group>";
		};
		07F985BE1D273D2700FF6BB7 /* Tip CalcuatorTests */ = {
			isa = PBXGroup;
			children = (
				07F985BF1D273D2700FF6BB7 /* Tip_CalcuatorTests.swift */,
				07F985C11D273D2700FF6BB7 /* Info.plist */,
			);
			path = "Tip CalcuatorTests";
			sourceTree = "<group>";
		};
		07F985C91D273D2700FF6BB7 /* Tip CalcuatorUITests */ = {
			isa = PBXGroup;
			children = (
				07F985CA1D273D2700FF6BB7 /* Tip_CalcuatorUITests.swift */,
				07F985CC1D273D2700FF6BB7 /* Info.plist */,
			);
			path = "Tip CalcuatorUITests";
			sourceTree = "<group>";
		};
/* End PBXGroup section */

/* Begin PBXNativeTarget section */
		07F985A61D273D2700FF6BB7 /* Tip Calcuator */ = {
			isa = PBXNativeTarget;
			buildConfigurationList = 07F985CF1D273D2700FF6BB7 /* Build configuration list for PBXNativeTarget "Tip Calcuator" */;
			buildPhases = (
				07F985A31D273D2700FF6BB7 /* Sources */,
				07F985A41D273D2700FF6BB7 /* Frameworks */,
				07F985A51D273D2700FF6BB7 /* Resources */,
			);
			buildRules = (
			);
			dependencies = (
			);
			name = "Tip Calcuator";
			productName = "Tip Calcuator";
			productReference = 07F985A71D273D2700FF6BB7 /* Tip Calcuator.app */;
			productType = "com.apple.product-type.application";
		};
		07F985BA1D273D2700FF6BB7 /* Tip CalcuatorTests */ = {
			isa = PBXNativeTarget;
			buildConfigurationList = 07F985D21D273D2700FF6BB7 /* Build configuration list for PBXNativeTarget "Tip CalcuatorTests" */;
			buildPhases = (
				07F985B71D273D2700FF6BB7 /* Sources */,
				07F985B81D273D2700FF6BB7 /* Frameworks */,
				07F985B91D273D2700FF6BB7 /* Resources */,
			);
			buildRules = (
			);
			dependencies = (
				07F985BD1D273D2700FF6BB7 /* PBXTargetDependency */,
			);
			name = "Tip CalcuatorTests";
			productName = "Tip CalcuatorTests";
			productReference = 07F985BB1D273D2700FF6BB7 /* Tip CalcuatorTests.xctest */;
			productType = "com.apple.product-type.bundle.unit-test";
		};
		07F985C51D273D2700FF6BB7 /* Tip CalcuatorUITests */ = {
			isa = PBXNativeTarget;
			buildConfigurationList = 07F985D51D273D2700FF6BB7 /* Build configuration list for PBXNativeTarget "Tip CalcuatorUITests" */;
			buildPhases = (
				07F985C21D273D2700FF6BB7 /* Sources */,
				07F985C31D273D2700FF6BB7 /* Frameworks */,
				07F985C41D273D2700FF6BB7 /* Resources */,
			);
			buildRules = (
			);
			dependencies = (
				07F985C81D273D2700FF6BB7 /* PBXTargetDependency */,
			);
			name = "Tip CalcuatorUITests";
			productName = "Tip CalcuatorUITests";
			productReference = 07F985C61D273D2700FF6BB7 /* Tip CalcuatorUITests.xctest */;
			productType = "com.apple.product-type.bundle.ui-testing";
		};
/* End PBXNativeTarget section */

/* Begin PBXProject section */
		07F9859F1D273D2700FF6BB7 /* Project object */ = {
			isa = PBXProject;
			attributes = {
				LastSwiftUpdateCheck = 0730;
				LastUpgradeCheck = 0730;
				ORGANIZATIONNAME = Gia;
				TargetAttributes = {
					07F985A61D273D2700FF6BB7 = {
						CreatedOnToolsVersion = 7.3.1;
					};
					07F985BA1D273D2700FF6BB7 = {
						CreatedOnToolsVersion = 7.3.1;
						TestTargetID = 07F985A61D273D2700FF6BB7;
					};
					07F985C51D273D2700FF6BB7 = {
						CreatedOnToolsVersion = 7.3.1;
						TestTargetID = 07F985A61D273D2700FF6BB7;
					};
				};
			};
			buildConfigurationList = 07F985A21D273D2700FF6BB7 /* Build configuration list for PBXProject "Tip Calcuator" */;
			compatibilityVersion = "Xcode 3.2";
			developmentRegion = English;
			hasScannedForEncodings = 0;
			knownRegions = (
				en,
				Base,
			);
			mainGroup = 07F9859E1D273D2700FF6BB7;
			productRefGroup = 07F985A81D273D2700FF6BB7 /* Products */;
			projectDirPath = "";
			projectRoot = "";
			targets = (
				07F985A61D273D2700FF6BB7 /* Tip Calcuator */,
				07F985BA1D273D2700FF6BB7 /* Tip CalcuatorTests */,
				07F985C51D273D2700FF6BB7 /* Tip CalcuatorUITests */,
			);
		};
/* End PBXProject section */

/* Begin PBXResourcesBuildPhase section */
		07F985A51D273D2700FF6BB7 /* Resources */ = {
			isa = PBXResourcesBuildPhase;
			buildActionMask = 2147483647;
			files = (
				07F985B51D273D2700FF6BB7 /* LaunchScreen.storyboard in Resources */,
				07F985B21D273D2700FF6BB7 /* Assets.xcassets in Resources */,
				07F985B01D273D2700FF6BB7 /* Main.storyboard in Resources */,
			);
			runOnlyForDeploymentPostprocessing = 0;
		};
		07F985B91D273D2700FF6BB7 /* Resources */ = {
			isa = PBXResourcesBuildPhase;
			buildActionMask = 2147483647;
			files = (
			);
			runOnlyForDeploymentPostprocessing = 0;
		};
		07F985C41D273D2700FF6BB7 /* Resources */ = {
			isa = PBXResourcesBuildPhase;
			buildActionMask = 2147483647;
			files = (
			);
			runOnlyForDeploymentPostprocessing = 0;
		};
/* End PBXResourcesBuildPhase section */

/* Begin PBXSourcesBuildPhase section */
		07F985A31D273D2700FF6BB7 /* Sources */ = {
			isa = PBXSourcesBuildPhase;
			buildActionMask = 2147483647;
			files = (
				07F985AD1D273D2700FF6BB7 /* ViewController.swift in Sources */,
				07F985AB1D273D2700FF6BB7 /* AppDelegate.swift in Sources */,
			);
			runOnlyForDeploymentPostprocessing = 0;
		};
		07F985B71D273D2700FF6BB7 /* Sources */ = {
			isa = PBXSourcesBuildPhase;
			buildActionMask = 2147483647;
			files = (
				07F985C01D273D2700FF6BB7 /* Tip_CalcuatorTests.swift in Sources */,
			);
			runOnlyForDeploymentPostprocessing = 0;
		};
		07F985C21D273D2700FF6BB7 /* Sources */ = {
			isa = PBXSourcesBuildPhase;
			buildActionMask = 2147483647;
			files = (
				07F985CB1D273D2700FF6BB7 /* Tip_CalcuatorUITests.swift in Sources */,
			);
			runOnlyForDeploymentPostprocessing = 0;
		};
/* End PBXSourcesBuildPhase section */

/* Begin PBXTargetDependency section */
		07F985BD1D273D2700FF6BB7 /* PBXTargetDependency */ = {
			isa = PBXTargetDependency;
			target = 07F985A61D273D2700FF6BB7 /* Tip Calcuator */;
			targetProxy = 07F985BC1D273D2700FF6BB7 /* PBXContainerItemProxy */;
		};
		07F985C81D273D2700FF6BB7 /* PBXTargetDependency */ = {
			isa = PBXTargetDependency;
			target = 07F985A61D273D2700FF6BB7 /* Tip Calcuator */;
			targetProxy = 07F985C71D273D2700FF6BB7 /* PBXContainerItemProxy */;
		};
/* End PBXTargetDependency section */

/* Begin PBXVariantGroup section */
		07F985AE1D273D2700FF6BB7 /* Main.storyboard */ = {
			isa = PBXVariantGroup;
			children = (
				07F985AF1D273D2700FF6BB7 /* Base */,
			);
			name = Main.storyboard;
			sourceTree = "<group>";
		};
		07F985B31D273D2700FF6BB7 /* LaunchScreen.storyboard */ = {
			isa = PBXVariantGroup;
			children = (
				07F985B41D273D2700FF6BB7 /* Base */,
			);
			name = LaunchScreen.storyboard;
			sourceTree = "<group>";
		};
/* End PBXVariantGroup section */

/* Begin XCBuildConfiguration section */
		07F985CD1D273D2700FF6BB7 /* Debug */ = {
			isa = XCBuildConfiguration;
			buildSettings = {
				ALWAYS_SEARCH_USER_PATHS = NO;
				CLANG_ANALYZER_NONNULL = YES;
				CLANG_CXX_LANGUAGE_STANDARD = "gnu++0x";
				CLANG_CXX_LIBRARY = "libc++";
				CLANG_ENABLE_MODULES = YES;
				CLANG_ENABLE_OBJC_ARC = YES;
				CLANG_WARN_BOOL_CONVERSION = YES;
				CLANG_WARN_CONSTANT_CONVERSION = YES;
				CLANG_WARN_DIRECT_OBJC_ISA_USAGE = YES_ERROR;
				CLANG_WARN_EMPTY_BODY = YES;
				CLANG_WARN_ENUM_CONVERSION = YES;
				CLANG_WARN_INT_CONVERSION = YES;
				CLANG_WARN_OBJC_ROOT_CLASS = YES_ERROR;
				CLANG_WARN_UNREACHABLE_CODE = YES;
				CLANG_WARN__DUPLICATE_METHOD_MATCH = YES;
				"CODE_SIGN_IDENTITY[sdk=iphoneos*]" = "iPhone Developer";
				COPY_PHASE_STRIP = NO;
				DEBUG_INFORMATION_FORMAT = dwarf;
				ENABLE_STRICT_OBJC_MSGSEND = YES;
				ENABLE_TESTABILITY = YES;
				GCC_C_LANGUAGE_STANDARD = gnu99;
				GCC_DYNAMIC_NO_PIC = NO;
				GCC_NO_COMMON_BLOCKS = YES;
				GCC_OPTIMIZATION_LEVEL = 0;
				GCC_PREPROCESSOR_DEFINITIONS = (
					"DEBUG=1",
					"$(inherited)",
				);
				GCC_WARN_64_TO_32_BIT_CONVERSION = YES;
				GCC_WARN_ABOUT_RETURN_TYPE = YES_ERROR;
				GCC_WARN_UNDECLARED_SELECTOR = YES;
				GCC_WARN_UNINITIALIZED_AUTOS = YES_AGGRESSIVE;
				GCC_WARN_UNUSED_FUNCTION = YES;
				GCC_WARN_UNUSED_VARIABLE = YES;
				IPHONEOS_DEPLOYMENT_TARGET = 9.3;
				MTL_ENABLE_DEBUG_INFO = YES;
				ONLY_ACTIVE_ARCH = YES;
				SDKROOT = iphoneos;
				SWIFT_OPTIMIZATION_LEVEL = "-Onone";
			};
			name = Debug;
		};
		07F985CE1D273D2700FF6BB7 /* Release */ = {
			isa = XCBuildConfiguration;
			buildSettings = {
				ALWAYS_SEARCH_USER_PATHS = NO;
				CLANG_ANALYZER_NONNULL = YES;
				CLANG_CXX_LANGUAGE_STANDARD = "gnu++0x";
				CLANG_CXX_LIBRARY = "libc++";
				CLANG_ENABLE_MODULES = YES;
				CLANG_ENABLE_OBJC_ARC = YES;
				CLANG_WARN_BOOL_CONVERSION = YES;
				CLANG_WARN_CONSTANT_CONVERSION = YES;
				CLANG_WARN_DIRECT_OBJC_ISA_USAGE = YES_ERROR;
				CLANG_WARN_EMPTY_BODY = YES;
				CLANG_WARN_ENUM_CONVERSION = YES;
				CLANG_WARN_INT_CONVERSION = YES;
				CLANG_WARN_OBJC_ROOT_CLASS = YES_ERROR;
				CLANG_WARN_UNREACHABLE_CODE = YES;
				CLANG_WARN__DUPLICATE_METHOD_MATCH = YES;
				"CODE_SIGN_IDENTITY[sdk=iphoneos*]" = "iPhone Developer";
				COPY_PHASE_STRIP = NO;
				DEBUG_INFORMATION_FORMAT = "dwarf-with-dsym";
				ENABLE_NS_ASSERTIONS = NO;
				ENABLE_STRICT_OBJC_MSGSEND = YES;
				GCC_C_LANGUAGE_STANDARD = gnu99;
				GCC_NO_COMMON_BLOCKS = YES;
				GCC_WARN_64_TO_32_BIT_CONVERSION = YES;
				GCC_WARN_ABOUT_RETURN_TYPE = YES_ERROR;
				GCC_WARN_UNDECLARED_SELECTOR = YES;
				GCC_WARN_UNINITIALIZED_AUTOS = YES_AGGRESSIVE;
				GCC_WARN_UNUSED_FUNCTION = YES;
				GCC_WARN_UNUSED_VARIABLE = YES;
				IPHONEOS_DEPLOYMENT_TARGET = 9.3;
				MTL_ENABLE_DEBUG_INFO = NO;
				SDKROOT = iphoneos;
				VALIDATE_PRODUCT = YES;
			};
			name = Release;
		};
		07F985D01D273D2700FF6BB7 /* Debug */ = {
			isa = XCBuildConfiguration;
			buildSettings = {
				ASSETCATALOG_COMPILER_APPICON_NAME = AppIcon;
				INFOPLIST_FILE = "Tip Calcuator/Info.plist";
				LD_RUNPATH_SEARCH_PATHS = "$(inherited) @executable_path/Frameworks";
				PRODUCT_BUNDLE_IDENTIFIER = "com.giaisme.Tip-Calcuator";
				PRODUCT_NAME = "$(TARGET_NAME)";
			};
			name = Debug;
		};
		07F985D11D273D2700FF6BB7 /* Release */ = {
			isa = XCBuildConfiguration;
			buildSettings = {
				ASSETCATALOG_COMPILER_APPICON_NAME = AppIcon;
				INFOPLIST_FILE = "Tip Calcuator/Info.plist";
				LD_RUNPATH_SEARCH_PATHS = "$(inherited) @executable_path/Frameworks";
				PRODUCT_BUNDLE_IDENTIFIER = "com.giaisme.Tip-Calcuator";
				PRODUCT_NAME = "$(TARGET_NAME)";
			};
			name = Release;
		};
		07F985D31D273D2700FF6BB7 /* Debug */ = {
			isa = XCBuildConfiguration;
			buildSettings = {
				BUNDLE_LOADER = "$(TEST_HOST)";
				INFOPLIST_FILE = "Tip CalcuatorTests/Info.plist";
				LD_RUNPATH_SEARCH_PATHS = "$(inherited) @executable_path/Frameworks @loader_path/Frameworks";
				PRODUCT_BUNDLE_IDENTIFIER = "com.giaisme.Tip-CalcuatorTests";
				PRODUCT_NAME = "$(TARGET_NAME)";
				TEST_HOST = "$(BUILT_PRODUCTS_DIR)/Tip Calcuator.app/Tip Calcuator";
			};
			name = Debug;
		};
		07F985D41D273D2700FF6BB7 /* Release */ = {
			isa = XCBuildConfiguration;
			buildSettings = {
				BUNDLE_LOADER = "$(TEST_HOST)";
				INFOPLIST_FILE = "Tip CalcuatorTests/Info.plist";
				LD_RUNPATH_SEARCH_PATHS = "$(inherited) @executable_path/Frameworks @loader_path/Frameworks";
				PRODUCT_BUNDLE_IDENTIFIER = "com.giaisme.Tip-CalcuatorTests";
				PRODUCT_NAME = "$(TARGET_NAME)";
				TEST_HOST = "$(BUILT_PRODUCTS_DIR)/Tip Calcuator.app/Tip Calcuator";
			};
			name = Release;
		};
		07F985D61D273D2700FF6BB7 /* Debug */ = {
			isa = XCBuildConfiguration;
			buildSettings = {
				INFOPLIST_FILE = "Tip CalcuatorUITests/Info.plist";
				LD_RUNPATH_SEARCH_PATHS = "$(inherited) @executable_path/Frameworks @loader_path/Frameworks";
				PRODUCT_BUNDLE_IDENTIFIER = "com.giaisme.Tip-CalcuatorUITests";
				PRODUCT_NAME = "$(TARGET_NAME)";
				TEST_TARGET_NAME = "Tip Calcuator";
			};
			name = Debug;
		};
		07F985D71D273D2700FF6BB7 /* Release */ = {
			isa = XCBuildConfiguration;
			buildSettings = {
				INFOPLIST_FILE = "Tip CalcuatorUITests/Info.plist";
				LD_RUNPATH_SEARCH_PATHS = "$(inherited) @executable_path/Frameworks @loader_path/Frameworks";
				PRODUCT_BUNDLE_IDENTIFIER = "com.giaisme.Tip-CalcuatorUITests";
				PRODUCT_NAME = "$(TARGET_NAME)";
				TEST_TARGET_NAME = "Tip Calcuator";
			};
			name = Release;
		};
/* End XCBuildConfiguration section */

/* Begin XCConfigurationList section */
		07F985A21D273D2700FF6BB7 /* Build configuration list for PBXProject "Tip Calcuator" */ = {
			isa = XCConfigurationList;
			buildConfigurations = (
				07F985CD1D273D2700FF6BB7 /* Debug */,
				07F985CE1D273D2700FF6BB7 /* Release */,
			);
			defaultConfigurationIsVisible = 0;
			defaultConfigurationName = Release;
		};
		07F985CF1D273D2700FF6BB7 /* Build configuration list for PBXNativeTarget "Tip Calcuator" */ = {
			isa = XCConfigurationList;
			buildConfigurations = (
				07F985D01D273D2700FF6BB7 /* Debug */,
				07F985D11D273D2700FF6BB7 /* Release */,
			);
			defaultConfigurationIsVisible = 0;
		};
		07F985D21D273D2700FF6BB7 /* Build configuration list for PBXNativeTarget "Tip CalcuatorTests" */ = {
			isa = XCConfigurationList;
			buildConfigurations = (
				07F985D31D273D2700FF6BB7 /* Debug */,
				07F985D41D273D2700FF6BB7 /* Release */,
			);
			defaultConfigurationIsVisible = 0;
		};
		07F985D51D273D2700FF6BB7 /* Build configuration list for PBXNativeTarget "Tip CalcuatorUITests" */ = {
			isa = XCConfigurationList;
			buildConfigurations = (
				07F985D61D273D2700FF6BB7 /* Debug */,
				07F985D71D273D2700FF6BB7 /* Release */,
			);
			defaultConfigurationIsVisible = 0;
		};
/* End XCConfigurationList section */
	};
	rootObject = 07F9859F1D273D2700FF6BB7 /* Project object */;
}
